// !$*UTF8*$!
{
	archiveVersion = 1;
	classes = {
	};
	objectVersion = 46;
	objects = {

/* Begin PBXBuildFile section */
		C89323969CB7E0826A4A00D0 /* Pods_PiVolumeSwift.framework in Frameworks */ = {isa = PBXBuildFile; fileRef = 4AA75E1876D83014D2F5C2FE /* Pods_PiVolumeSwift.framework */; };
		CA9D9ACA24EE7FEFD39E57FC /* Pods_PiVolumeSwiftTests.framework in Frameworks */ = {isa = PBXBuildFile; fileRef = 5852042A934ED7BA28D93E84 /* Pods_PiVolumeSwiftTests.framework */; };
		D50B53241E4D00A3003FE794 /* AppDelegate.swift in Sources */ = {isa = PBXBuildFile; fileRef = D50B53231E4D00A3003FE794 /* AppDelegate.swift */; };
		D50B53281E4D00A3003FE794 /* SettingsViewController.swift in Sources */ = {isa = PBXBuildFile; fileRef = D50B53271E4D00A3003FE794 /* SettingsViewController.swift */; };
		D50B532B1E4D00A3003FE794 /* Main.storyboard in Resources */ = {isa = PBXBuildFile; fileRef = D50B53291E4D00A3003FE794 /* Main.storyboard */; };
		D50B532D1E4D00A3003FE794 /* Assets.xcassets in Resources */ = {isa = PBXBuildFile; fileRef = D50B532C1E4D00A3003FE794 /* Assets.xcassets */; };
		D50B53301E4D00A3003FE794 /* LaunchScreen.storyboard in Resources */ = {isa = PBXBuildFile; fileRef = D50B532E1E4D00A3003FE794 /* LaunchScreen.storyboard */; };
		D50B533B1E4D00A3003FE794 /* PiVolumeSwiftTests.swift in Sources */ = {isa = PBXBuildFile; fileRef = D50B533A1E4D00A3003FE794 /* PiVolumeSwiftTests.swift */; };
		D50B53461E4D00A3003FE794 /* PiVolumeSwiftUITests.swift in Sources */ = {isa = PBXBuildFile; fileRef = D50B53451E4D00A3003FE794 /* PiVolumeSwiftUITests.swift */; };
		D527E9E31E57EFFD00BBA788 /* OutlinedButton.swift in Sources */ = {isa = PBXBuildFile; fileRef = D527E9E21E57EFFD00BBA788 /* OutlinedButton.swift */; };
		D527E9E51E57F0C000BBA788 /* ShyTabBarController.swift in Sources */ = {isa = PBXBuildFile; fileRef = D527E9E41E57F0C000BBA788 /* ShyTabBarController.swift */; };
		D527E9E71E57F71C00BBA788 /* XM_NavigationController.swift in Sources */ = {isa = PBXBuildFile; fileRef = D527E9E61E57F71C00BBA788 /* XM_NavigationController.swift */; };
		D578E7211E5E3AC500B8F902 /* NavCon.swift in Sources */ = {isa = PBXBuildFile; fileRef = D578E7201E5E3AC500B8F902 /* NavCon.swift */; };
		D5916C531E4D10C70050458B /* Constants.swift in Sources */ = {isa = PBXBuildFile; fileRef = D5916C521E4D10C70050458B /* Constants.swift */; };
		D5916C551E4D62BE0050458B /* SSHManager.swift in Sources */ = {isa = PBXBuildFile; fileRef = D5916C541E4D62BE0050458B /* SSHManager.swift */; };
		D5916C5B1E4E738B0050458B /* Info.plist in Resources */ = {isa = PBXBuildFile; fileRef = D5916C5A1E4E738B0050458B /* Info.plist */; };
		D5AC2D141E52467900E6E5C2 /* VolumeViewController.swift in Sources */ = {isa = PBXBuildFile; fileRef = D5AC2D131E52467900E6E5C2 /* VolumeViewController.swift */; };
		D5CBC60D1E5D023900C5E872 /* SettingsProxy.swift in Sources */ = {isa = PBXBuildFile; fileRef = D5CBC60C1E5D023900C5E872 /* SettingsProxy.swift */; };
		D94AF42112017DB80BD225D5 /* Pods_PiVolumeSwiftUITests.framework in Frameworks */ = {isa = PBXBuildFile; fileRef = 65E0AF0E408A6F39086F0874 /* Pods_PiVolumeSwiftUITests.framework */; };
/* End PBXBuildFile section */

/* Begin PBXContainerItemProxy section */
		D50B53371E4D00A3003FE794 /* PBXContainerItemProxy */ = {
			isa = PBXContainerItemProxy;
			containerPortal = D50B53181E4D00A3003FE794 /* Project object */;
			proxyType = 1;
			remoteGlobalIDString = D50B531F1E4D00A3003FE794;
			remoteInfo = PiVolumeSwift;
		};
		D50B53421E4D00A3003FE794 /* PBXContainerItemProxy */ = {
			isa = PBXContainerItemProxy;
			containerPortal = D50B53181E4D00A3003FE794 /* Project object */;
			proxyType = 1;
			remoteGlobalIDString = D50B531F1E4D00A3003FE794;
			remoteInfo = PiVolumeSwift;
		};
/* End PBXContainerItemProxy section */

/* Begin PBXFileReference section */
		1C7F431138764E53F13CC2EC /* Pods-PiVolumeSwiftUITests.debug.xcconfig */ = {isa = PBXFileReference; includeInIndex = 1; lastKnownFileType = text.xcconfig; name = "Pods-PiVolumeSwiftUITests.debug.xcconfig"; path = "Pods/Target Support Files/Pods-PiVolumeSwiftUITests/Pods-PiVolumeSwiftUITests.debug.xcconfig"; sourceTree = "<group>"; };
		3811B7708E19C1F83F986D70 /* Pods-PiVolumeSwiftTests.debug.xcconfig */ = {isa = PBXFileReference; includeInIndex = 1; lastKnownFileType = text.xcconfig; name = "Pods-PiVolumeSwiftTests.debug.xcconfig"; path = "Pods/Target Support Files/Pods-PiVolumeSwiftTests/Pods-PiVolumeSwiftTests.debug.xcconfig"; sourceTree = "<group>"; };
		3B40529B843B04A2B5A62D53 /* Pods-PiVolumeSwift.debug.xcconfig */ = {isa = PBXFileReference; includeInIndex = 1; lastKnownFileType = text.xcconfig; name = "Pods-PiVolumeSwift.debug.xcconfig"; path = "Pods/Target Support Files/Pods-PiVolumeSwift/Pods-PiVolumeSwift.debug.xcconfig"; sourceTree = "<group>"; };
		4AA75E1876D83014D2F5C2FE /* Pods_PiVolumeSwift.framework */ = {isa = PBXFileReference; explicitFileType = wrapper.framework; includeInIndex = 0; path = Pods_PiVolumeSwift.framework; sourceTree = BUILT_PRODUCTS_DIR; };
		5852042A934ED7BA28D93E84 /* Pods_PiVolumeSwiftTests.framework */ = {isa = PBXFileReference; explicitFileType = wrapper.framework; includeInIndex = 0; path = Pods_PiVolumeSwiftTests.framework; sourceTree = BUILT_PRODUCTS_DIR; };
		65E0AF0E408A6F39086F0874 /* Pods_PiVolumeSwiftUITests.framework */ = {isa = PBXFileReference; explicitFileType = wrapper.framework; includeInIndex = 0; path = Pods_PiVolumeSwiftUITests.framework; sourceTree = BUILT_PRODUCTS_DIR; };
		A35256545158E92D93E90463 /* Pods-PiVolumeSwift.release.xcconfig */ = {isa = PBXFileReference; includeInIndex = 1; lastKnownFileType = text.xcconfig; name = "Pods-PiVolumeSwift.release.xcconfig"; path = "Pods/Target Support Files/Pods-PiVolumeSwift/Pods-PiVolumeSwift.release.xcconfig"; sourceTree = "<group>"; };
		D50B53201E4D00A3003FE794 /* PiVolumeSwift.app */ = {isa = PBXFileReference; explicitFileType = wrapper.application; includeInIndex = 0; path = PiVolumeSwift.app; sourceTree = BUILT_PRODUCTS_DIR; };
		D50B53231E4D00A3003FE794 /* AppDelegate.swift */ = {isa = PBXFileReference; lastKnownFileType = sourcecode.swift; path = AppDelegate.swift; sourceTree = "<group>"; };
		D50B53271E4D00A3003FE794 /* SettingsViewController.swift */ = {isa = PBXFileReference; lastKnownFileType = sourcecode.swift; lineEnding = 0; path = SettingsViewController.swift; sourceTree = "<group>"; xcLanguageSpecificationIdentifier = xcode.lang.swift; };
		D50B532A1E4D00A3003FE794 /* Base */ = {isa = PBXFileReference; lastKnownFileType = file.storyboard; name = Base; path = Base.lproj/Main.storyboard; sourceTree = "<group>"; };
		D50B532C1E4D00A3003FE794 /* Assets.xcassets */ = {isa = PBXFileReference; lastKnownFileType = folder.assetcatalog; path = Assets.xcassets; sourceTree = "<group>"; };
		D50B532F1E4D00A3003FE794 /* Base */ = {isa = PBXFileReference; lastKnownFileType = file.storyboard; name = Base; path = Base.lproj/LaunchScreen.storyboard; sourceTree = "<group>"; };
		D50B53361E4D00A3003FE794 /* PiVolumeSwiftTests.xctest */ = {isa = PBXFileReference; explicitFileType = wrapper.cfbundle; includeInIndex = 0; path = PiVolumeSwiftTests.xctest; sourceTree = BUILT_PRODUCTS_DIR; };
		D50B533A1E4D00A3003FE794 /* PiVolumeSwiftTests.swift */ = {isa = PBXFileReference; lastKnownFileType = sourcecode.swift; path = PiVolumeSwiftTests.swift; sourceTree = "<group>"; };
		D50B533C1E4D00A3003FE794 /* Info.plist */ = {isa = PBXFileReference; lastKnownFileType = text.plist.xml; path = Info.plist; sourceTree = "<group>"; };
		D50B53411E4D00A3003FE794 /* PiVolumeSwiftUITests.xctest */ = {isa = PBXFileReference; explicitFileType = wrapper.cfbundle; includeInIndex = 0; path = PiVolumeSwiftUITests.xctest; sourceTree = BUILT_PRODUCTS_DIR; };
		D50B53451E4D00A3003FE794 /* PiVolumeSwiftUITests.swift */ = {isa = PBXFileReference; lastKnownFileType = sourcecode.swift; path = PiVolumeSwiftUITests.swift; sourceTree = "<group>"; };
		D50B53471E4D00A3003FE794 /* Info.plist */ = {isa = PBXFileReference; lastKnownFileType = text.plist.xml; path = Info.plist; sourceTree = "<group>"; };
		D527E9E21E57EFFD00BBA788 /* OutlinedButton.swift */ = {isa = PBXFileReference; fileEncoding = 4; lastKnownFileType = sourcecode.swift; path = OutlinedButton.swift; sourceTree = "<group>"; };
		D527E9E41E57F0C000BBA788 /* ShyTabBarController.swift */ = {isa = PBXFileReference; fileEncoding = 4; lastKnownFileType = sourcecode.swift; path = ShyTabBarController.swift; sourceTree = "<group>"; };
		D527E9E61E57F71C00BBA788 /* XM_NavigationController.swift */ = {isa = PBXFileReference; fileEncoding = 4; lastKnownFileType = sourcecode.swift; path = XM_NavigationController.swift; sourceTree = "<group>"; };
		D578E7201E5E3AC500B8F902 /* NavCon.swift */ = {isa = PBXFileReference; fileEncoding = 4; lastKnownFileType = sourcecode.swift; path = NavCon.swift; sourceTree = "<group>"; };
		D5916C521E4D10C70050458B /* Constants.swift */ = {isa = PBXFileReference; fileEncoding = 4; lastKnownFileType = sourcecode.swift; path = Constants.swift; sourceTree = "<group>"; };
		D5916C541E4D62BE0050458B /* SSHManager.swift */ = {isa = PBXFileReference; fileEncoding = 4; lastKnownFileType = sourcecode.swift; path = SSHManager.swift; sourceTree = "<group>"; };
		D5916C5A1E4E738B0050458B /* Info.plist */ = {isa = PBXFileReference; fileEncoding = 4; lastKnownFileType = text.plist.xml; path = Info.plist; sourceTree = "<group>"; };
		D5AC2D131E52467900E6E5C2 /* VolumeViewController.swift */ = {isa = PBXFileReference; fileEncoding = 4; lastKnownFileType = sourcecode.swift; lineEnding = 0; path = VolumeViewController.swift; sourceTree = "<group>"; xcLanguageSpecificationIdentifier = xcode.lang.swift; };
		D5CBC60C1E5D023900C5E872 /* SettingsProxy.swift */ = {isa = PBXFileReference; fileEncoding = 4; lastKnownFileType = sourcecode.swift; lineEnding = 0; path = SettingsProxy.swift; sourceTree = "<group>"; xcLanguageSpecificationIdentifier = xcode.lang.swift; };
		DF01F718CA154B072E787851 /* Pods-PiVolumeSwiftTests.release.xcconfig */ = {isa = PBXFileReference; includeInIndex = 1; lastKnownFileType = text.xcconfig; name = "Pods-PiVolumeSwiftTests.release.xcconfig"; path = "Pods/Target Support Files/Pods-PiVolumeSwiftTests/Pods-PiVolumeSwiftTests.release.xcconfig"; sourceTree = "<group>"; };
		E88A76A88DF116194C40FD0C /* Pods-PiVolumeSwiftUITests.release.xcconfig */ = {isa = PBXFileReference; includeInIndex = 1; lastKnownFileType = text.xcconfig; name = "Pods-PiVolumeSwiftUITests.release.xcconfig"; path = "Pods/Target Support Files/Pods-PiVolumeSwiftUITests/Pods-PiVolumeSwiftUITests.release.xcconfig"; sourceTree = "<group>"; };
/* End PBXFileReference section */

/* Begin PBXFrameworksBuildPhase section */
		D50B531D1E4D00A3003FE794 /* Frameworks */ = {
			isa = PBXFrameworksBuildPhase;
			buildActionMask = 2147483647;
			files = (
				C89323969CB7E0826A4A00D0 /* Pods_PiVolumeSwift.framework in Frameworks */,
			);
			runOnlyForDeploymentPostprocessing = 0;
		};
		D50B53331E4D00A3003FE794 /* Frameworks */ = {
			isa = PBXFrameworksBuildPhase;
			buildActionMask = 2147483647;
			files = (
				CA9D9ACA24EE7FEFD39E57FC /* Pods_PiVolumeSwiftTests.framework in Frameworks */,
			);
			runOnlyForDeploymentPostprocessing = 0;
		};
		D50B533E1E4D00A3003FE794 /* Frameworks */ = {
			isa = PBXFrameworksBuildPhase;
			buildActionMask = 2147483647;
			files = (
				D94AF42112017DB80BD225D5 /* Pods_PiVolumeSwiftUITests.framework in Frameworks */,
			);
			runOnlyForDeploymentPostprocessing = 0;
		};
/* End PBXFrameworksBuildPhase section */

/* Begin PBXGroup section */
		51EBE701CDEEA8631AC97A03 /* Pods */ = {
			isa = PBXGroup;
			children = (
				3B40529B843B04A2B5A62D53 /* Pods-PiVolumeSwift.debug.xcconfig */,
				A35256545158E92D93E90463 /* Pods-PiVolumeSwift.release.xcconfig */,
				3811B7708E19C1F83F986D70 /* Pods-PiVolumeSwiftTests.debug.xcconfig */,
				DF01F718CA154B072E787851 /* Pods-PiVolumeSwiftTests.release.xcconfig */,
				1C7F431138764E53F13CC2EC /* Pods-PiVolumeSwiftUITests.debug.xcconfig */,
				E88A76A88DF116194C40FD0C /* Pods-PiVolumeSwiftUITests.release.xcconfig */,
			);
			name = Pods;
			sourceTree = "<group>";
		};
		CC5AF7C5647A222C3B95A518 /* Frameworks */ = {
			isa = PBXGroup;
			children = (
				4AA75E1876D83014D2F5C2FE /* Pods_PiVolumeSwift.framework */,
				5852042A934ED7BA28D93E84 /* Pods_PiVolumeSwiftTests.framework */,
				65E0AF0E408A6F39086F0874 /* Pods_PiVolumeSwiftUITests.framework */,
			);
			name = Frameworks;
			sourceTree = "<group>";
		};
		D50B53171E4D00A3003FE794 = {
			isa = PBXGroup;
			children = (
				D50B53221E4D00A3003FE794 /* PiVolumeSwift */,
				D50B53391E4D00A3003FE794 /* PiVolumeSwiftTests */,
				D50B53441E4D00A3003FE794 /* PiVolumeSwiftUITests */,
				D50B53211E4D00A3003FE794 /* Products */,
				51EBE701CDEEA8631AC97A03 /* Pods */,
				CC5AF7C5647A222C3B95A518 /* Frameworks */,
			);
			sourceTree = "<group>";
		};
		D50B53211E4D00A3003FE794 /* Products */ = {
			isa = PBXGroup;
			children = (
				D50B53201E4D00A3003FE794 /* PiVolumeSwift.app */,
				D50B53361E4D00A3003FE794 /* PiVolumeSwiftTests.xctest */,
				D50B53411E4D00A3003FE794 /* PiVolumeSwiftUITests.xctest */,
			);
			name = Products;
			sourceTree = "<group>";
		};
		D50B53221E4D00A3003FE794 /* PiVolumeSwift */ = {
			isa = PBXGroup;
			children = (
				D50B53231E4D00A3003FE794 /* AppDelegate.swift */,
				D527E9E41E57F0C000BBA788 /* ShyTabBarController.swift */,
				D578E7201E5E3AC500B8F902 /* NavCon.swift */,
				D5AC2D131E52467900E6E5C2 /* VolumeViewController.swift */,
				D5CBC60C1E5D023900C5E872 /* SettingsProxy.swift */,
				D50B53271E4D00A3003FE794 /* SettingsViewController.swift */,
				D5916C541E4D62BE0050458B /* SSHManager.swift */,
				D50B53291E4D00A3003FE794 /* Main.storyboard */,
				D527E9E61E57F71C00BBA788 /* XM_NavigationController.swift */,
				D527E9E21E57EFFD00BBA788 /* OutlinedButton.swift */,
				D5916C521E4D10C70050458B /* Constants.swift */,
				D50B532C1E4D00A3003FE794 /* Assets.xcassets */,
				D5916C5A1E4E738B0050458B /* Info.plist */,
				D50B532E1E4D00A3003FE794 /* LaunchScreen.storyboard */,
			);
			path = PiVolumeSwift;
			sourceTree = "<group>";
		};
		D50B53391E4D00A3003FE794 /* PiVolumeSwiftTests */ = {
			isa = PBXGroup;
			children = (
				D50B533A1E4D00A3003FE794 /* PiVolumeSwiftTests.swift */,
				D50B533C1E4D00A3003FE794 /* Info.plist */,
			);
			path = PiVolumeSwiftTests;
			sourceTree = "<group>";
		};
		D50B53441E4D00A3003FE794 /* PiVolumeSwiftUITests */ = {
			isa = PBXGroup;
			children = (
				D50B53451E4D00A3003FE794 /* PiVolumeSwiftUITests.swift */,
				D50B53471E4D00A3003FE794 /* Info.plist */,
			);
			path = PiVolumeSwiftUITests;
			sourceTree = "<group>";
		};
/* End PBXGroup section */

/* Begin PBXNativeTarget section */
		D50B531F1E4D00A3003FE794 /* PiVolumeSwift */ = {
			isa = PBXNativeTarget;
			buildConfigurationList = D50B534A1E4D00A3003FE794 /* Build configuration list for PBXNativeTarget "PiVolumeSwift" */;
			buildPhases = (
				C6284090DCD480C66FE9693A /* [CP] Check Pods Manifest.lock */,
				D50B531C1E4D00A3003FE794 /* Sources */,
				D50B531D1E4D00A3003FE794 /* Frameworks */,
				D50B531E1E4D00A3003FE794 /* Resources */,
				39BB41ADED83414273A10078 /* [CP] Embed Pods Frameworks */,
				2D88391163D68895C9013BF8 /* [CP] Copy Pods Resources */,
			);
			buildRules = (
			);
			dependencies = (
			);
			name = PiVolumeSwift;
			productName = PiVolumeSwift;
			productReference = D50B53201E4D00A3003FE794 /* PiVolumeSwift.app */;
			productType = "com.apple.product-type.application";
		};
		D50B53351E4D00A3003FE794 /* PiVolumeSwiftTests */ = {
			isa = PBXNativeTarget;
			buildConfigurationList = D50B534D1E4D00A3003FE794 /* Build configuration list for PBXNativeTarget "PiVolumeSwiftTests" */;
			buildPhases = (
				0957087CFE98012A9D731447 /* [CP] Check Pods Manifest.lock */,
				D50B53321E4D00A3003FE794 /* Sources */,
				D50B53331E4D00A3003FE794 /* Frameworks */,
				D50B53341E4D00A3003FE794 /* Resources */,
				A1A5310ABA9DB49C27E02C19 /* [CP] Embed Pods Frameworks */,
				777CFD16237B9962CAEEA9C8 /* [CP] Copy Pods Resources */,
			);
			buildRules = (
			);
			dependencies = (
				D50B53381E4D00A3003FE794 /* PBXTargetDependency */,
			);
			name = PiVolumeSwiftTests;
			productName = PiVolumeSwiftTests;
			productReference = D50B53361E4D00A3003FE794 /* PiVolumeSwiftTests.xctest */;
			productType = "com.apple.product-type.bundle.unit-test";
		};
		D50B53401E4D00A3003FE794 /* PiVolumeSwiftUITests */ = {
			isa = PBXNativeTarget;
			buildConfigurationList = D50B53501E4D00A3003FE794 /* Build configuration list for PBXNativeTarget "PiVolumeSwiftUITests" */;
			buildPhases = (
				48F5318BAF56CB9ECB4C2935 /* [CP] Check Pods Manifest.lock */,
				D50B533D1E4D00A3003FE794 /* Sources */,
				D50B533E1E4D00A3003FE794 /* Frameworks */,
				D50B533F1E4D00A3003FE794 /* Resources */,
				973A0FE8C3FBC6B297148A5E /* [CP] Embed Pods Frameworks */,
				8D557AFA0CCA72F97CAB050E /* [CP] Copy Pods Resources */,
			);
			buildRules = (
			);
			dependencies = (
				D50B53431E4D00A3003FE794 /* PBXTargetDependency */,
			);
			name = PiVolumeSwiftUITests;
			productName = PiVolumeSwiftUITests;
			productReference = D50B53411E4D00A3003FE794 /* PiVolumeSwiftUITests.xctest */;
			productType = "com.apple.product-type.bundle.ui-testing";
		};
/* End PBXNativeTarget section */

/* Begin PBXProject section */
		D50B53181E4D00A3003FE794 /* Project object */ = {
			isa = PBXProject;
			attributes = {
				LastSwiftUpdateCheck = 0820;
				LastUpgradeCheck = 0820;
				ORGANIZATIONNAME = "Rainer Standke";
				TargetAttributes = {
					D50B531F1E4D00A3003FE794 = {
						CreatedOnToolsVersion = 8.2.1;
						DevelopmentTeam = GBPX9EPXRH;
						LastSwiftMigration = 0820;
						ProvisioningStyle = Automatic;
					};
					D50B53351E4D00A3003FE794 = {
						CreatedOnToolsVersion = 8.2.1;
						DevelopmentTeam = GBPX9EPXRH;
						ProvisioningStyle = Automatic;
						TestTargetID = D50B531F1E4D00A3003FE794;
					};
					D50B53401E4D00A3003FE794 = {
						CreatedOnToolsVersion = 8.2.1;
						DevelopmentTeam = GBPX9EPXRH;
						ProvisioningStyle = Automatic;
						TestTargetID = D50B531F1E4D00A3003FE794;
					};
				};
			};
			buildConfigurationList = D50B531B1E4D00A3003FE794 /* Build configuration list for PBXProject "PiVolumeSwift" */;
			compatibilityVersion = "Xcode 3.2";
			developmentRegion = English;
			hasScannedForEncodings = 0;
			knownRegions = (
				en,
				Base,
			);
			mainGroup = D50B53171E4D00A3003FE794;
			productRefGroup = D50B53211E4D00A3003FE794 /* Products */;
			projectDirPath = "";
			projectRoot = "";
			targets = (
				D50B531F1E4D00A3003FE794 /* PiVolumeSwift */,
				D50B53351E4D00A3003FE794 /* PiVolumeSwiftTests */,
				D50B53401E4D00A3003FE794 /* PiVolumeSwiftUITests */,
			);
		};
/* End PBXProject section */

/* Begin PBXResourcesBuildPhase section */
		D50B531E1E4D00A3003FE794 /* Resources */ = {
			isa = PBXResourcesBuildPhase;
			buildActionMask = 2147483647;
			files = (
				D5916C5B1E4E738B0050458B /* Info.plist in Resources */,
				D50B53301E4D00A3003FE794 /* LaunchScreen.storyboard in Resources */,
				D50B532D1E4D00A3003FE794 /* Assets.xcassets in Resources */,
				D50B532B1E4D00A3003FE794 /* Main.storyboard in Resources */,
			);
			runOnlyForDeploymentPostprocessing = 0;
		};
		D50B53341E4D00A3003FE794 /* Resources */ = {
			isa = PBXResourcesBuildPhase;
			buildActionMask = 2147483647;
			files = (
			);
			runOnlyForDeploymentPostprocessing = 0;
		};
		D50B533F1E4D00A3003FE794 /* Resources */ = {
			isa = PBXResourcesBuildPhase;
			buildActionMask = 2147483647;
			files = (
			);
			runOnlyForDeploymentPostprocessing = 0;
		};
/* End PBXResourcesBuildPhase section */

/* Begin PBXShellScriptBuildPhase section */
		0957087CFE98012A9D731447 /* [CP] Check Pods Manifest.lock */ = {
			isa = PBXShellScriptBuildPhase;
			buildActionMask = 2147483647;
			files = (
			);
			inputPaths = (
				"${PODS_PODFILE_DIR_PATH}/Podfile.lock",
				"${PODS_ROOT}/Manifest.lock",
			);
			name = "[CP] Check Pods Manifest.lock";
			outputPaths = (
				"$(DERIVED_FILE_DIR)/Pods-PiVolumeSwiftTests-checkManifestLockResult.txt",
			);
			runOnlyForDeploymentPostprocessing = 0;
			shellPath = /bin/sh;
			shellScript = "diff \"${PODS_PODFILE_DIR_PATH}/Podfile.lock\" \"${PODS_ROOT}/Manifest.lock\" > /dev/null\nif [ $? != 0 ] ; then\n    # print error to STDERR\n    echo \"error: The sandbox is not in sync with the Podfile.lock. Run 'pod install' or update your CocoaPods installation.\" >&2\n    exit 1\nfi\n# This output is used by Xcode 'outputs' to avoid re-running this script phase.\necho \"SUCCESS\" > \"${SCRIPT_OUTPUT_FILE_0}\"\n";
			showEnvVarsInLog = 0;
		};
		2D88391163D68895C9013BF8 /* [CP] Copy Pods Resources */ = {
			isa = PBXShellScriptBuildPhase;
			buildActionMask = 2147483647;
			files = (
			);
			inputPaths = (
			);
			name = "[CP] Copy Pods Resources";
			outputPaths = (
			);
			runOnlyForDeploymentPostprocessing = 0;
			shellPath = /bin/sh;
			shellScript = "\"${SRCROOT}/Pods/Target Support Files/Pods-PiVolumeSwift/Pods-PiVolumeSwift-resources.sh\"\n";
			showEnvVarsInLog = 0;
		};
		39BB41ADED83414273A10078 /* [CP] Embed Pods Frameworks */ = {
			isa = PBXShellScriptBuildPhase;
			buildActionMask = 2147483647;
			files = (
			);
			inputPaths = (
				"${SRCROOT}/Pods/Target Support Files/Pods-PiVolumeSwift/Pods-PiVolumeSwift-frameworks.sh",
				"${BUILT_PRODUCTS_DIR}/NMSSH/NMSSH.framework",
			);
			name = "[CP] Embed Pods Frameworks";
			outputPaths = (
				"${TARGET_BUILD_DIR}/${FRAMEWORKS_FOLDER_PATH}/NMSSH.framework",
			);
			runOnlyForDeploymentPostprocessing = 0;
			shellPath = /bin/sh;
			shellScript = "\"${SRCROOT}/Pods/Target Support Files/Pods-PiVolumeSwift/Pods-PiVolumeSwift-frameworks.sh\"\n";
			showEnvVarsInLog = 0;
		};
		48F5318BAF56CB9ECB4C2935 /* [CP] Check Pods Manifest.lock */ = {
			isa = PBXShellScriptBuildPhase;
			buildActionMask = 2147483647;
			files = (
			);
			inputPaths = (
				"${PODS_PODFILE_DIR_PATH}/Podfile.lock",
				"${PODS_ROOT}/Manifest.lock",
			);
			name = "[CP] Check Pods Manifest.lock";
			outputPaths = (
				"$(DERIVED_FILE_DIR)/Pods-PiVolumeSwiftUITests-checkManifestLockResult.txt",
			);
			runOnlyForDeploymentPostprocessing = 0;
			shellPath = /bin/sh;
			shellScript = "diff \"${PODS_PODFILE_DIR_PATH}/Podfile.lock\" \"${PODS_ROOT}/Manifest.lock\" > /dev/null\nif [ $? != 0 ] ; then\n    # print error to STDERR\n    echo \"error: The sandbox is not in sync with the Podfile.lock. Run 'pod install' or update your CocoaPods installation.\" >&2\n    exit 1\nfi\n# This output is used by Xcode 'outputs' to avoid re-running this script phase.\necho \"SUCCESS\" > \"${SCRIPT_OUTPUT_FILE_0}\"\n";
			showEnvVarsInLog = 0;
		};
		777CFD16237B9962CAEEA9C8 /* [CP] Copy Pods Resources */ = {
			isa = PBXShellScriptBuildPhase;
			buildActionMask = 2147483647;
			files = (
			);
			inputPaths = (
			);
			name = "[CP] Copy Pods Resources";
			outputPaths = (
			);
			runOnlyForDeploymentPostprocessing = 0;
			shellPath = /bin/sh;
			shellScript = "\"${SRCROOT}/Pods/Target Support Files/Pods-PiVolumeSwiftTests/Pods-PiVolumeSwiftTests-resources.sh\"\n";
			showEnvVarsInLog = 0;
		};
		8D557AFA0CCA72F97CAB050E /* [CP] Copy Pods Resources */ = {
			isa = PBXShellScriptBuildPhase;
			buildActionMask = 2147483647;
			files = (
			);
			inputPaths = (
			);
			name = "[CP] Copy Pods Resources";
			outputPaths = (
			);
			runOnlyForDeploymentPostprocessing = 0;
			shellPath = /bin/sh;
			shellScript = "\"${SRCROOT}/Pods/Target Support Files/Pods-PiVolumeSwiftUITests/Pods-PiVolumeSwiftUITests-resources.sh\"\n";
			showEnvVarsInLog = 0;
		};
		973A0FE8C3FBC6B297148A5E /* [CP] Embed Pods Frameworks */ = {
			isa = PBXShellScriptBuildPhase;
			buildActionMask = 2147483647;
			files = (
			);
			inputPaths = (
			);
			name = "[CP] Embed Pods Frameworks";
			outputPaths = (
			);
			runOnlyForDeploymentPostprocessing = 0;
			shellPath = /bin/sh;
			shellScript = "\"${SRCROOT}/Pods/Target Support Files/Pods-PiVolumeSwiftUITests/Pods-PiVolumeSwiftUITests-frameworks.sh\"\n";
			showEnvVarsInLog = 0;
		};
		A1A5310ABA9DB49C27E02C19 /* [CP] Embed Pods Frameworks */ = {
			isa = PBXShellScriptBuildPhase;
			buildActionMask = 2147483647;
			files = (
			);
			inputPaths = (
			);
			name = "[CP] Embed Pods Frameworks";
			outputPaths = (
			);
			runOnlyForDeploymentPostprocessing = 0;
			shellPath = /bin/sh;
			shellScript = "\"${SRCROOT}/Pods/Target Support Files/Pods-PiVolumeSwiftTests/Pods-PiVolumeSwiftTests-frameworks.sh\"\n";
			showEnvVarsInLog = 0;
		};
		C6284090DCD480C66FE9693A /* [CP] Check Pods Manifest.lock */ = {
			isa = PBXShellScriptBuildPhase;
			buildActionMask = 2147483647;
			files = (
			);
			inputPaths = (
				"${PODS_PODFILE_DIR_PATH}/Podfile.lock",
				"${PODS_ROOT}/Manifest.lock",
			);
			name = "[CP] Check Pods Manifest.lock";
			outputPaths = (
				"$(DERIVED_FILE_DIR)/Pods-PiVolumeSwift-checkManifestLockResult.txt",
			);
			runOnlyForDeploymentPostprocessing = 0;
			shellPath = /bin/sh;
			shellScript = "diff \"${PODS_PODFILE_DIR_PATH}/Podfile.lock\" \"${PODS_ROOT}/Manifest.lock\" > /dev/null\nif [ $? != 0 ] ; then\n    # print error to STDERR\n    echo \"error: The sandbox is not in sync with the Podfile.lock. Run 'pod install' or update your CocoaPods installation.\" >&2\n    exit 1\nfi\n# This output is used by Xcode 'outputs' to avoid re-running this script phase.\necho \"SUCCESS\" > \"${SCRIPT_OUTPUT_FILE_0}\"\n";
			showEnvVarsInLog = 0;
		};
/* End PBXShellScriptBuildPhase section */

/* Begin PBXSourcesBuildPhase section */
		D50B531C1E4D00A3003FE794 /* Sources */ = {
			isa = PBXSourcesBuildPhase;
			buildActionMask = 2147483647;
			files = (
				D527E9E71E57F71C00BBA788 /* XM_NavigationController.swift in Sources */,
				D50B53281E4D00A3003FE794 /* SettingsViewController.swift in Sources */,
				D5916C551E4D62BE0050458B /* SSHManager.swift in Sources */,
				D527E9E51E57F0C000BBA788 /* ShyTabBarController.swift in Sources */,
				D5CBC60D1E5D023900C5E872 /* SettingsProxy.swift in Sources */,
				D5AC2D141E52467900E6E5C2 /* VolumeViewController.swift in Sources */,
				D578E7211E5E3AC500B8F902 /* NavCon.swift in Sources */,
				D50B53241E4D00A3003FE794 /* AppDelegate.swift in Sources */,
				D5916C531E4D10C70050458B /* Constants.swift in Sources */,
				D527E9E31E57EFFD00BBA788 /* OutlinedButton.swift in Sources */,
			);
			runOnlyForDeploymentPostprocessing = 0;
		};
		D50B53321E4D00A3003FE794 /* Sources */ = {
			isa = PBXSourcesBuildPhase;
			buildActionMask = 2147483647;
			files = (
				D50B533B1E4D00A3003FE794 /* PiVolumeSwiftTests.swift in Sources */,
			);
			runOnlyForDeploymentPostprocessing = 0;
		};
		D50B533D1E4D00A3003FE794 /* Sources */ = {
			isa = PBXSourcesBuildPhase;
			buildActionMask = 2147483647;
			files = (
				D50B53461E4D00A3003FE794 /* PiVolumeSwiftUITests.swift in Sources */,
			);
			runOnlyForDeploymentPostprocessing = 0;
		};
/* End PBXSourcesBuildPhase section */

/* Begin PBXTargetDependency section */
		D50B53381E4D00A3003FE794 /* PBXTargetDependency */ = {
			isa = PBXTargetDependency;
			target = D50B531F1E4D00A3003FE794 /* PiVolumeSwift */;
			targetProxy = D50B53371E4D00A3003FE794 /* PBXContainerItemProxy */;
		};
		D50B53431E4D00A3003FE794 /* PBXTargetDependency */ = {
			isa = PBXTargetDependency;
			target = D50B531F1E4D00A3003FE794 /* PiVolumeSwift */;
			targetProxy = D50B53421E4D00A3003FE794 /* PBXContainerItemProxy */;
		};
/* End PBXTargetDependency section */

/* Begin PBXVariantGroup section */
		D50B53291E4D00A3003FE794 /* Main.storyboard */ = {
			isa = PBXVariantGroup;
			children = (
				D50B532A1E4D00A3003FE794 /* Base */,
			);
			name = Main.storyboard;
			sourceTree = "<group>";
		};
		D50B532E1E4D00A3003FE794 /* LaunchScreen.storyboard */ = {
			isa = PBXVariantGroup;
			children = (
				D50B532F1E4D00A3003FE794 /* Base */,
			);
			name = LaunchScreen.storyboard;
			sourceTree = "<group>";
		};
/* End PBXVariantGroup section */

/* Begin XCBuildConfiguration section */
		D50B53481E4D00A3003FE794 /* Debug */ = {
			isa = XCBuildConfiguration;
			buildSettings = {
				ALWAYS_SEARCH_USER_PATHS = NO;
				CLANG_ANALYZER_NONNULL = YES;
				CLANG_CXX_LANGUAGE_STANDARD = "gnu++0x";
				CLANG_CXX_LIBRARY = "libc++";
				CLANG_ENABLE_MODULES = YES;
				CLANG_ENABLE_OBJC_ARC = YES;
				CLANG_WARN_BOOL_CONVERSION = YES;
				CLANG_WARN_CONSTANT_CONVERSION = YES;
				CLANG_WARN_DIRECT_OBJC_ISA_USAGE = YES_ERROR;
				CLANG_WARN_DOCUMENTATION_COMMENTS = YES;
				CLANG_WARN_EMPTY_BODY = YES;
				CLANG_WARN_ENUM_CONVERSION = YES;
				CLANG_WARN_INFINITE_RECURSION = YES;
				CLANG_WARN_INT_CONVERSION = YES;
				CLANG_WARN_OBJC_ROOT_CLASS = YES_ERROR;
				CLANG_WARN_SUSPICIOUS_MOVE = YES;
				CLANG_WARN_UNREACHABLE_CODE = YES;
				CLANG_WARN__DUPLICATE_METHOD_MATCH = YES;
				"CODE_SIGN_IDENTITY[sdk=iphoneos*]" = "iPhone Developer";
				COPY_PHASE_STRIP = NO;
				DEBUG_INFORMATION_FORMAT = dwarf;
				ENABLE_STRICT_OBJC_MSGSEND = YES;
				ENABLE_TESTABILITY = YES;
				GCC_C_LANGUAGE_STANDARD = gnu99;
				GCC_DYNAMIC_NO_PIC = NO;
				GCC_NO_COMMON_BLOCKS = YES;
				GCC_OPTIMIZATION_LEVEL = 0;
				GCC_PREPROCESSOR_DEFINITIONS = (
					"DEBUG=1",
					"$(inherited)",
				);
				GCC_WARN_64_TO_32_BIT_CONVERSION = YES;
				GCC_WARN_ABOUT_RETURN_TYPE = YES_ERROR;
				GCC_WARN_UNDECLARED_SELECTOR = YES;
				GCC_WARN_UNINITIALIZED_AUTOS = YES_AGGRESSIVE;
				GCC_WARN_UNUSED_FUNCTION = YES;
				GCC_WARN_UNUSED_VARIABLE = YES;
				IPHONEOS_DEPLOYMENT_TARGET = 10.2;
				MTL_ENABLE_DEBUG_INFO = YES;
				ONLY_ACTIVE_ARCH = YES;
				SDKROOT = iphoneos;
				SWIFT_ACTIVE_COMPILATION_CONDITIONS = DEBUG;
				SWIFT_OPTIMIZATION_LEVEL = "-Onone";
				TARGETED_DEVICE_FAMILY = "1,2";
			};
			name = Debug;
		};
		D50B53491E4D00A3003FE794 /* Release */ = {
			isa = XCBuildConfiguration;
			buildSettings = {
				ALWAYS_SEARCH_USER_PATHS = NO;
				CLANG_ANALYZER_NONNULL = YES;
				CLANG_CXX_LANGUAGE_STANDARD = "gnu++0x";
				CLANG_CXX_LIBRARY = "libc++";
				CLANG_ENABLE_MODULES = YES;
				CLANG_ENABLE_OBJC_ARC = YES;
				CLANG_WARN_BOOL_CONVERSION = YES;
				CLANG_WARN_CONSTANT_CONVERSION = YES;
				CLANG_WARN_DIRECT_OBJC_ISA_USAGE = YES_ERROR;
				CLANG_WARN_DOCUMENTATION_COMMENTS = YES;
				CLANG_WARN_EMPTY_BODY = YES;
				CLANG_WARN_ENUM_CONVERSION = YES;
				CLANG_WARN_INFINITE_RECURSION = YES;
				CLANG_WARN_INT_CONVERSION = YES;
				CLANG_WARN_OBJC_ROOT_CLASS = YES_ERROR;
				CLANG_WARN_SUSPICIOUS_MOVE = YES;
				CLANG_WARN_UNREACHABLE_CODE = YES;
				CLANG_WARN__DUPLICATE_METHOD_MATCH = YES;
				"CODE_SIGN_IDENTITY[sdk=iphoneos*]" = "iPhone Developer";
				COPY_PHASE_STRIP = NO;
				DEBUG_INFORMATION_FORMAT = "dwarf-with-dsym";
				ENABLE_NS_ASSERTIONS = NO;
				ENABLE_STRICT_OBJC_MSGSEND = YES;
				GCC_C_LANGUAGE_STANDARD = gnu99;
				GCC_NO_COMMON_BLOCKS = YES;
				GCC_WARN_64_TO_32_BIT_CONVERSION = YES;
				GCC_WARN_ABOUT_RETURN_TYPE = YES_ERROR;
				GCC_WARN_UNDECLARED_SELECTOR = YES;
				GCC_WARN_UNINITIALIZED_AUTOS = YES_AGGRESSIVE;
				GCC_WARN_UNUSED_FUNCTION = YES;
				GCC_WARN_UNUSED_VARIABLE = YES;
				IPHONEOS_DEPLOYMENT_TARGET = 10.2;
				MTL_ENABLE_DEBUG_INFO = NO;
				SDKROOT = iphoneos;
				SWIFT_OPTIMIZATION_LEVEL = "-Owholemodule";
				TARGETED_DEVICE_FAMILY = "1,2";
				VALIDATE_PRODUCT = YES;
			};
			name = Release;
		};
		D50B534B1E4D00A3003FE794 /* Debug */ = {
			isa = XCBuildConfiguration;
			baseConfigurationReference = 3B40529B843B04A2B5A62D53 /* Pods-PiVolumeSwift.debug.xcconfig */;
			buildSettings = {
				ASSETCATALOG_COMPILER_APPICON_NAME = AppIcon;
				CLANG_ENABLE_MODULES = YES;
				DEVELOPMENT_TEAM = GBPX9EPXRH;
				INFOPLIST_FILE = PiVolumeSwift/Info.plist;
				LD_RUNPATH_SEARCH_PATHS = "$(inherited) @executable_path/Frameworks";
				PRODUCT_BUNDLE_IDENTIFIER = biz.xmil.PiVolumeSwift;
				PRODUCT_NAME = "$(TARGET_NAME)";
				SWIFT_OBJC_BRIDGING_HEADER = "";
				SWIFT_OPTIMIZATION_LEVEL = "-Onone";
				SWIFT_VERSION = 4.0;
			};
			name = Debug;
		};
		D50B534C1E4D00A3003FE794 /* Release */ = {
			isa = XCBuildConfiguration;
			baseConfigurationReference = A35256545158E92D93E90463 /* Pods-PiVolumeSwift.release.xcconfig */;
			buildSettings = {
				ASSETCATALOG_COMPILER_APPICON_NAME = AppIcon;
				CLANG_ENABLE_MODULES = YES;
				DEVELOPMENT_TEAM = GBPX9EPXRH;
				INFOPLIST_FILE = PiVolumeSwift/Info.plist;
				LD_RUNPATH_SEARCH_PATHS = "$(inherited) @executable_path/Frameworks";
				PRODUCT_BUNDLE_IDENTIFIER = biz.xmil.PiVolumeSwift;
				PRODUCT_NAME = "$(TARGET_NAME)";
				SWIFT_OBJC_BRIDGING_HEADER = "";
				SWIFT_VERSION = 4.0;
			};
			name = Release;
		};
		D50B534E1E4D00A3003FE794 /* Debug */ = {
			isa = XCBuildConfiguration;
			baseConfigurationReference = 3811B7708E19C1F83F986D70 /* Pods-PiVolumeSwiftTests.debug.xcconfig */;
			buildSettings = {
				ALWAYS_EMBED_SWIFT_STANDARD_LIBRARIES = YES;
				BUNDLE_LOADER = "$(TEST_HOST)";
				DEVELOPMENT_TEAM = GBPX9EPXRH;
				INFOPLIST_FILE = PiVolumeSwiftTests/Info.plist;
				LD_RUNPATH_SEARCH_PATHS = "$(inherited) @executable_path/Frameworks @loader_path/Frameworks";
				PRODUCT_BUNDLE_IDENTIFIER = biz.xmil.PiVolumeSwiftTests;
				PRODUCT_NAME = "$(TARGET_NAME)";
				SWIFT_VERSION = 3.0;
				TEST_HOST = "$(BUILT_PRODUCTS_DIR)/PiVolumeSwift.app/PiVolumeSwift";
			};
			name = Debug;
		};
		D50B534F1E4D00A3003FE794 /* Release */ = {
			isa = XCBuildConfiguration;
			baseConfigurationReference = DF01F718CA154B072E787851 /* Pods-PiVolumeSwiftTests.release.xcconfig */;
			buildSettings = {
				ALWAYS_EMBED_SWIFT_STANDARD_LIBRARIES = YES;
				BUNDLE_LOADER = "$(TEST_HOST)";
				DEVELOPMENT_TEAM = GBPX9EPXRH;
				INFOPLIST_FILE = PiVolumeSwiftTests/Info.plist;
				LD_RUNPATH_SEARCH_PATHS = "$(inherited) @executable_path/Frameworks @loader_path/Frameworks";
				PRODUCT_BUNDLE_IDENTIFIER = biz.xmil.PiVolumeSwiftTests;
				PRODUCT_NAME = "$(TARGET_NAME)";
				SWIFT_VERSION = 3.0;
				TEST_HOST = "$(BUILT_PRODUCTS_DIR)/PiVolumeSwift.app/PiVolumeSwift";
			};
			name = Release;
		};
		D50B53511E4D00A3003FE794 /* Debug */ = {
			isa = XCBuildConfiguration;
			baseConfigurationReference = 1C7F431138764E53F13CC2EC /* Pods-PiVolumeSwiftUITests.debug.xcconfig */;
			buildSettings = {
				ALWAYS_EMBED_SWIFT_STANDARD_LIBRARIES = YES;
				DEVELOPMENT_TEAM = GBPX9EPXRH;
				INFOPLIST_FILE = PiVolumeSwiftUITests/Info.plist;
				LD_RUNPATH_SEARCH_PATHS = "$(inherited) @executable_path/Frameworks @loader_path/Frameworks";
				PRODUCT_BUNDLE_IDENTIFIER = biz.xmil.PiVolumeSwiftUITests;
				PRODUCT_NAME = "$(TARGET_NAME)";
				SWIFT_VERSION = 3.0;
				TEST_TARGET_NAME = PiVolumeSwift;
			};
			name = Debug;
		};
		D50B53521E4D00A3003FE794 /* Release */ = {
			isa = XCBuildConfiguration;
			baseConfigurationReference = E88A76A88DF116194C40FD0C /* Pods-PiVolumeSwiftUITests.release.xcconfig */;
			buildSettings = {
				ALWAYS_EMBED_SWIFT_STANDARD_LIBRARIES = YES;
				DEVELOPMENT_TEAM = GBPX9EPXRH;
				INFOPLIST_FILE = PiVolumeSwiftUITests/Info.plist;
				LD_RUNPATH_SEARCH_PATHS = "$(inherited) @executable_path/Frameworks @loader_path/Frameworks";
				PRODUCT_BUNDLE_IDENTIFIER = biz.xmil.PiVolumeSwiftUITests;
				PRODUCT_NAME = "$(TARGET_NAME)";
				SWIFT_VERSION = 3.0;
				TEST_TARGET_NAME = PiVolumeSwift;
			};
			name = Release;
		};
/* End XCBuildConfiguration section */

/* Begin XCConfigurationList section */
		D50B531B1E4D00A3003FE794 /* Build configuration list for PBXProject "PiVolumeSwift" */ = {
			isa = XCConfigurationList;
			buildConfigurations = (
				D50B53481E4D00A3003FE794 /* Debug */,
				D50B53491E4D00A3003FE794 /* Release */,
			);
			defaultConfigurationIsVisible = 0;
			defaultConfigurationName = Release;
		};
		D50B534A1E4D00A3003FE794 /* Build configuration list for PBXNativeTarget "PiVolumeSwift" */ = {
			isa = XCConfigurationList;
			buildConfigurations = (
				D50B534B1E4D00A3003FE794 /* Debug */,
				D50B534C1E4D00A3003FE794 /* Release */,
			);
			defaultConfigurationIsVisible = 0;
			defaultConfigurationName = Release;
		};
		D50B534D1E4D00A3003FE794 /* Build configuration list for PBXNativeTarget "PiVolumeSwiftTests" */ = {
			isa = XCConfigurationList;
			buildConfigurations = (
				D50B534E1E4D00A3003FE794 /* Debug */,
				D50B534F1E4D00A3003FE794 /* Release */,
			);
			defaultConfigurationIsVisible = 0;
			defaultConfigurationName = Release;
		};
		D50B53501E4D00A3003FE794 /* Build configuration list for PBXNativeTarget "PiVolumeSwiftUITests" */ = {
			isa = XCConfigurationList;
			buildConfigurations = (
				D50B53511E4D00A3003FE794 /* Debug */,
				D50B53521E4D00A3003FE794 /* Release */,
			);
			defaultConfigurationIsVisible = 0;
			defaultConfigurationName = Release;
		};
/* End XCConfigurationList section */
	};
	rootObject = D50B53181E4D00A3003FE794 /* Project object */;
}
